// !$*UTF8*$!
{
	archiveVersion = 1;
	classes = {
	};
	objectVersion = 50;
	objects = {

/* Begin PBXBuildFile section */
		C08F720123EECAC9002CA069 /* AppDelegate.swift in Sources */ = {isa = PBXBuildFile; fileRef = C08F720023EECAC9002CA069 /* AppDelegate.swift */; };
		C08F720323EECAC9002CA069 /* SceneDelegate.swift in Sources */ = {isa = PBXBuildFile; fileRef = C08F720223EECAC9002CA069 /* SceneDelegate.swift */; };
		C08F720523EECAC9002CA069 /* ViewController.swift in Sources */ = {isa = PBXBuildFile; fileRef = C08F720423EECAC9002CA069 /* ViewController.swift */; };
		C08F720823EECAC9002CA069 /* Main.storyboard in Resources */ = {isa = PBXBuildFile; fileRef = C08F720623EECAC9002CA069 /* Main.storyboard */; };
		C08F720A23EECACA002CA069 /* Assets.xcassets in Resources */ = {isa = PBXBuildFile; fileRef = C08F720923EECACA002CA069 /* Assets.xcassets */; };
		C08F720D23EECACA002CA069 /* LaunchScreen.storyboard in Resources */ = {isa = PBXBuildFile; fileRef = C08F720B23EECACA002CA069 /* LaunchScreen.storyboard */; };
		C08F721923EECEC4002CA069 /* guitar.mp3 in Resources */ = {isa = PBXBuildFile; fileRef = C08F721623EECEC4002CA069 /* guitar.mp3 */; };
		C08F721B23EECEC4002CA069 /* backmusic.mp3 in Resources */ = {isa = PBXBuildFile; fileRef = C08F721823EECEC4002CA069 /* backmusic.mp3 */; };
		C08F721C23EED1D4002CA069 /* cymbal.mp3 in Resources */ = {isa = PBXBuildFile; fileRef = C08F721723EECEC4002CA069 /* cymbal.mp3 */; };
/* End PBXBuildFile section */

/* Begin PBXFileReference section */
		C08F71FD23EECAC9002CA069 /* MyMusic.app */ = {isa = PBXFileReference; explicitFileType = wrapper.application; includeInIndex = 0; path = MyMusic.app; sourceTree = BUILT_PRODUCTS_DIR; };
		C08F720023EECAC9002CA069 /* AppDelegate.swift */ = {isa = PBXFileReference; lastKnownFileType = sourcecode.swift; path = AppDelegate.swift; sourceTree = "<group>"; };
		C08F720223EECAC9002CA069 /* SceneDelegate.swift */ = {isa = PBXFileReference; lastKnownFileType = sourcecode.swift; path = SceneDelegate.swift; sourceTree = "<group>"; };
		C08F720423EECAC9002CA069 /* ViewController.swift */ = {isa = PBXFileReference; lastKnownFileType = sourcecode.swift; path = ViewController.swift; sourceTree = "<group>"; };
		C08F720723EECAC9002CA069 /* Base */ = {isa = PBXFileReference; lastKnownFileType = file.storyboard; name = Base; path = Base.lproj/Main.storyboard; sourceTree = "<group>"; };
		C08F720923EECACA002CA069 /* Assets.xcassets */ = {isa = PBXFileReference; lastKnownFileType = folder.assetcatalog; path = Assets.xcassets; sourceTree = "<group>"; };
		C08F720C23EECACA002CA069 /* Base */ = {isa = PBXFileReference; lastKnownFileType = file.storyboard; name = Base; path = Base.lproj/LaunchScreen.storyboard; sourceTree = "<group>"; };
		C08F720E23EECACA002CA069 /* Info.plist */ = {isa = PBXFileReference; lastKnownFileType = text.plist.xml; path = Info.plist; sourceTree = "<group>"; };
		C08F721623EECEC4002CA069 /* guitar.mp3 */ = {isa = PBXFileReference; lastKnownFileType = audio.mp3; path = guitar.mp3; sourceTree = "<group>"; };
		C08F721723EECEC4002CA069 /* cymbal.mp3 */ = {isa = PBXFileReference; lastKnownFileType = audio.mp3; path = cymbal.mp3; sourceTree = "<group>"; };
		C08F721823EECEC4002CA069 /* backmusic.mp3 */ = {isa = PBXFileReference; lastKnownFileType = audio.mp3; name = backmusic.mp3; path = ../../../XcodeSwift20191026/1_4/MyMusic/material/backmusic.mp3; sourceTree = "<group>"; };
/* End PBXFileReference section */

/* Begin PBXFrameworksBuildPhase section */
		C08F71FA23EECAC9002CA069 /* Frameworks */ = {
			isa = PBXFrameworksBuildPhase;
			buildActionMask = 2147483647;
			files = (
			);
			runOnlyForDeploymentPostprocessing = 0;
		};
/* End PBXFrameworksBuildPhase section */

/* Begin PBXGroup section */
		C08F71F423EECAC9002CA069 = {
			isa = PBXGroup;
			children = (
				C08F71FF23EECAC9002CA069 /* MyMusic */,
				C08F71FE23EECAC9002CA069 /* Products */,
			);
			sourceTree = "<group>";
		};
		C08F71FE23EECAC9002CA069 /* Products */ = {
			isa = PBXGroup;
			children = (
				C08F71FD23EECAC9002CA069 /* MyMusic.app */,
			);
			name = Products;
			sourceTree = "<group>";
		};
		C08F71FF23EECAC9002CA069 /* MyMusic */ = {
			isa = PBXGroup;
			children = (
				C08F720023EECAC9002CA069 /* AppDelegate.swift */,
				C08F720223EECAC9002CA069 /* SceneDelegate.swift */,
				C08F720423EECAC9002CA069 /* ViewController.swift */,
				C08F720623EECAC9002CA069 /* Main.storyboard */,
				C08F720923EECACA002CA069 /* Assets.xcassets */,
				C08F720B23EECACA002CA069 /* LaunchScreen.storyboard */,
				C08F720E23EECACA002CA069 /* Info.plist */,
				C08F721823EECEC4002CA069 /* backmusic.mp3 */,
				C08F721723EECEC4002CA069 /* cymbal.mp3 */,
				C08F721623EECEC4002CA069 /* guitar.mp3 */,
			);
			path = MyMusic;
			sourceTree = "<group>";
		};
/* End PBXGroup section */

/* Begin PBXNativeTarget section */
		C08F71FC23EECAC9002CA069 /* MyMusic */ = {
			isa = PBXNativeTarget;
			buildConfigurationList = C08F721123EECACA002CA069 /* Build configuration list for PBXNativeTarget "MyMusic" */;
			buildPhases = (
				C08F71F923EECAC9002CA069 /* Sources */,
				C08F71FA23EECAC9002CA069 /* Frameworks */,
				C08F71FB23EECAC9002CA069 /* Resources */,
			);
			buildRules = (
			);
			dependencies = (
			);
			name = MyMusic;
			productName = MyMusic;
			productReference = C08F71FD23EECAC9002CA069 /* MyMusic.app */;
			productType = "com.apple.product-type.application";
		};
/* End PBXNativeTarget section */

/* Begin PBXProject section */
		C08F71F523EECAC9002CA069 /* Project object */ = {
			isa = PBXProject;
			attributes = {
				LastSwiftUpdateCheck = 1130;
				LastUpgradeCheck = 1130;
				ORGANIZATIONNAME = "Kotomi Mizuno";
				TargetAttributes = {
					C08F71FC23EECAC9002CA069 = {
						CreatedOnToolsVersion = 11.3.1;
					};
				};
			};
			buildConfigurationList = C08F71F823EECAC9002CA069 /* Build configuration list for PBXProject "MyMusic" */;
			compatibilityVersion = "Xcode 9.3";
			developmentRegion = en;
			hasScannedForEncodings = 0;
			knownRegions = (
				en,
				Base,
			);
			mainGroup = C08F71F423EECAC9002CA069;
			productRefGroup = C08F71FE23EECAC9002CA069 /* Products */;
			projectDirPath = "";
			projectRoot = "";
			targets = (
				C08F71FC23EECAC9002CA069 /* MyMusic */,
			);
		};
/* End PBXProject section */

/* Begin PBXResourcesBuildPhase section */
		C08F71FB23EECAC9002CA069 /* Resources */ = {
			isa = PBXResourcesBuildPhase;
			buildActionMask = 2147483647;
			files = (
				C08F721C23EED1D4002CA069 /* cymbal.mp3 in Resources */,
				C08F721923EECEC4002CA069 /* guitar.mp3 in Resources */,
				C08F721B23EECEC4002CA069 /* backmusic.mp3 in Resources */,
				C08F720D23EECACA002CA069 /* LaunchScreen.storyboard in Resources */,
				C08F720A23EECACA002CA069 /* Assets.xcassets in Resources */,
				C08F720823EECAC9002CA069 /* Main.storyboard in Resources */,
			);
			runOnlyForDeploymentPostprocessing = 0;
		};
/* End PBXResourcesBuildPhase section */

/* Begin PBXSourcesBuildPhase section */
		C08F71F923EECAC9002CA069 /* Sources */ = {
			isa = PBXSourcesBuildPhase;
			buildActionMask = 2147483647;
			files = (
				C08F720523EECAC9002CA069 /* ViewController.swift in Sources */,
				C08F720123EECAC9002CA069 /* AppDelegate.swift in Sources */,
				C08F720323EECAC9002CA069 /* SceneDelegate.swift in Sources */,
			);
			runOnlyForDeploymentPostprocessing = 0;
		};
/* End PBXSourcesBuildPhase section */

/* Begin PBXVariantGroup section */
		C08F720623EECAC9002CA069 /* Main.storyboard */ = {
			isa = PBXVariantGroup;
			children = (
				C08F720723EECAC9002CA069 /* Base */,
			);
			name = Main.storyboard;
			sourceTree = "<group>";
		};
		C08F720B23EECACA002CA069 /* LaunchScreen.storyboard */ = {
			isa = PBXVariantGroup;
			children = (
				C08F720C23EECACA002CA069 /* Base */,
			);
			name = LaunchScreen.storyboard;
			sourceTree = "<group>";
		};
/* End PBXVariantGroup section */

/* Begin XCBuildConfiguration section */
		C08F720F23EECACA002CA069 /* Debug */ = {
			isa = XCBuildConfiguration;
			buildSettings = {
				ALWAYS_SEARCH_USER_PATHS = NO;
				CLANG_ANALYZER_NONNULL = YES;
				CLANG_ANALYZER_NUMBER_OBJECT_CONVERSION = YES_AGGRESSIVE;
				CLANG_CXX_LANGUAGE_STANDARD = "gnu++14";
				CLANG_CXX_LIBRARY = "libc++";
				CLANG_ENABLE_MODULES = YES;
				CLANG_ENABLE_OBJC_ARC = YES;
				CLANG_ENABLE_OBJC_WEAK = YES;
				CLANG_WARN_BLOCK_CAPTURE_AUTORELEASING = YES;
				CLANG_WARN_BOOL_CONVERSION = YES;
				CLANG_WARN_COMMA = YES;
				CLANG_WARN_CONSTANT_CONVERSION = YES;
				CLANG_WARN_DEPRECATED_OBJC_IMPLEMENTATIONS = YES;
				CLANG_WARN_DIRECT_OBJC_ISA_USAGE = YES_ERROR;
				CLANG_WARN_DOCUMENTATION_COMMENTS = YES;
				CLANG_WARN_EMPTY_BODY = YES;
				CLANG_WARN_ENUM_CONVERSION = YES;
				CLANG_WARN_INFINITE_RECURSION = YES;
				CLANG_WARN_INT_CONVERSION = YES;
				CLANG_WARN_NON_LITERAL_NULL_CONVERSION = YES;
				CLANG_WARN_OBJC_IMPLICIT_RETAIN_SELF = YES;
				CLANG_WARN_OBJC_LITERAL_CONVERSION = YES;
				CLANG_WARN_OBJC_ROOT_CLASS = YES_ERROR;
				CLANG_WARN_RANGE_LOOP_ANALYSIS = YES;
				CLANG_WARN_STRICT_PROTOTYPES = YES;
				CLANG_WARN_SUSPICIOUS_MOVE = YES;
				CLANG_WARN_UNGUARDED_AVAILABILITY = YES_AGGRESSIVE;
				CLANG_WARN_UNREACHABLE_CODE = YES;
				CLANG_WARN__DUPLICATE_METHOD_MATCH = YES;
				COPY_PHASE_STRIP = NO;
				DEBUG_INFORMATION_FORMAT = dwarf;
				ENABLE_STRICT_OBJC_MSGSEND = YES;
				ENABLE_TESTABILITY = YES;
				GCC_C_LANGUAGE_STANDARD = gnu11;
				GCC_DYNAMIC_NO_PIC = NO;
				GCC_NO_COMMON_BLOCKS = YES;
				GCC_OPTIMIZATION_LEVEL = 0;
				GCC_PREPROCESSOR_DEFINITIONS = (
					"DEBUG=1",
					"$(inherited)",
				);
				GCC_WARN_64_TO_32_BIT_CONVERSION = YES;
				GCC_WARN_ABOUT_RETURN_TYPE = YES_ERROR;
				GCC_WARN_UNDECLARED_SELECTOR = YES;
				GCC_WARN_UNINITIALIZED_AUTOS = YES_AGGRESSIVE;
				GCC_WARN_UNUSED_FUNCTION = YES;
				GCC_WARN_UNUSED_VARIABLE = YES;
				IPHONEOS_DEPLOYMENT_TARGET = 13.2;
				MTL_ENABLE_DEBUG_INFO = INCLUDE_SOURCE;
				MTL_FAST_MATH = YES;
				ONLY_ACTIVE_ARCH = YES;
				SDKROOT = iphoneos;
				SWIFT_ACTIVE_COMPILATION_CONDITIONS = DEBUG;
				SWIFT_OPTIMIZATION_LEVEL = "-Onone";
			};
			name = Debug;
		};
		C08F721023EECACA002CA069 /* Release */ = {
			isa = XCBuildConfiguration;
			buildSettings = {
				ALWAYS_SEARCH_USER_PATHS = NO;
				CLANG_ANALYZER_NONNULL = YES;
				CLANG_ANALYZER_NUMBER_OBJECT_CONVERSION = YES_AGGRESSIVE;
				CLANG_CXX_LANGUAGE_STANDARD = "gnu++14";
				CLANG_CXX_LIBRARY = "libc++";
				CLANG_ENABLE_MODULES = YES;
				CLANG_ENABLE_OBJC_ARC = YES;
				CLANG_ENABLE_OBJC_WEAK = YES;
				CLANG_WARN_BLOCK_CAPTURE_AUTORELEASING = YES;
				CLANG_WARN_BOOL_CONVERSION = YES;
				CLANG_WARN_COMMA = YES;
				CLANG_WARN_CONSTANT_CONVERSION = YES;
				CLANG_WARN_DEPRECATED_OBJC_IMPLEMENTATIONS = YES;
				CLANG_WARN_DIRECT_OBJC_ISA_USAGE = YES_ERROR;
				CLANG_WARN_DOCUMENTATION_COMMENTS = YES;
				CLANG_WARN_EMPTY_BODY = YES;
				CLANG_WARN_ENUM_CONVERSION = YES;
				CLANG_WARN_INFINITE_RECURSION = YES;
				CLANG_WARN_INT_CONVERSION = YES;
				CLANG_WARN_NON_LITERAL_NULL_CONVERSION = YES;
				CLANG_WARN_OBJC_IMPLICIT_RETAIN_SELF = YES;
				CLANG_WARN_OBJC_LITERAL_CONVERSION = YES;
				CLANG_WARN_OBJC_ROOT_CLASS = YES_ERROR;
				CLANG_WARN_RANGE_LOOP_ANALYSIS = YES;
				CLANG_WARN_STRICT_PROTOTYPES = YES;
				CLANG_WARN_SUSPICIOUS_MOVE = YES;
				CLANG_WARN_UNGUARDED_AVAILABILITY = YES_AGGRESSIVE;
				CLANG_WARN_UNREACHABLE_CODE = YES;
				CLANG_WARN__DUPLICATE_METHOD_MATCH = YES;
				COPY_PHASE_STRIP = NO;
				DEBUG_INFORMATION_FORMAT = "dwarf-with-dsym";
				ENABLE_NS_ASSERTIONS = NO;
				ENABLE_STRICT_OBJC_MSGSEND = YES;
				GCC_C_LANGUAGE_STANDARD = gnu11;
				GCC_NO_COMMON_BLOCKS = YES;
				GCC_WARN_64_TO_32_BIT_CONVERSION = YES;
				GCC_WARN_ABOUT_RETURN_TYPE = YES_ERROR;
				GCC_WARN_UNDECLARED_SELECTOR = YES;
				GCC_WARN_UNINITIALIZED_AUTOS = YES_AGGRESSIVE;
				GCC_WARN_UNUSED_FUNCTION = YES;
				GCC_WARN_UNUSED_VARIABLE = YES;
				IPHONEOS_DEPLOYMENT_TARGET = 13.2;
				MTL_ENABLE_DEBUG_INFO = NO;
				MTL_FAST_MATH = YES;
				SDKROOT = iphoneos;
				SWIFT_COMPILATION_MODE = wholemodule;
				SWIFT_OPTIMIZATION_LEVEL = "-O";
				VALIDATE_PRODUCT = YES;
			};
			name = Release;
		};
		C08F721223EECACA002CA069 /* Debug */ = {
			isa = XCBuildConfiguration;
			buildSettings = {
				ASSETCATALOG_COMPILER_APPICON_NAME = AppIcon;
				CODE_SIGN_STYLE = Automatic;
				INFOPLIST_FILE = MyMusic/Info.plist;
				LD_RUNPATH_SEARCH_PATHS = (
					"$(inherited)",
					"@executable_path/Frameworks",
				);
				PRODUCT_BUNDLE_IDENTIFIER = "Kotomi-Mizuno.MyMusic";
				PRODUCT_NAME = "$(TARGET_NAME)";
				SWIFT_VERSION = 5.0;
				TARGETED_DEVICE_FAMILY = "1,2";
			};
			name = Debug;
		};
		C08F721323EECACA002CA069 /* Release */ = {
			isa = XCBuildConfiguration;
			buildSettings = {
				ASSETCATALOG_COMPILER_APPICON_NAME = AppIcon;
				CODE_SIGN_STYLE = Automatic;
				INFOPLIST_FILE = MyMusic/Info.plist;
				LD_RUNPATH_SEARCH_PATHS = (
					"$(inherited)",
					"@executable_path/Frameworks",
				);
				PRODUCT_BUNDLE_IDENTIFIER = "Kotomi-Mizuno.MyMusic";
				PRODUCT_NAME = "$(TARGET_NAME)";
				SWIFT_VERSION = 5.0;
				TARGETED_DEVICE_FAMILY = "1,2";
			};
			name = Release;
		};
/* End XCBuildConfiguration section */

/* Begin XCConfigurationList section */
		C08F71F823EECAC9002CA069 /* Build configuration list for PBXProject "MyMusic" */ = {
			isa = XCConfigurationList;
			buildConfigurations = (
				C08F720F23EECACA002CA069 /* Debug */,
				C08F721023EECACA002CA069 /* Release */,
			);
			defaultConfigurationIsVisible = 0;
			defaultConfigurationName = Release;
		};
		C08F721123EECACA002CA069 /* Build configuration list for PBXNativeTarget "MyMusic" */ = {
			isa = XCConfigurationList;
			buildConfigurations = (
				C08F721223EECACA002CA069 /* Debug */,
				C08F721323EECACA002CA069 /* Release */,
			);
			defaultConfigurationIsVisible = 0;
			defaultConfigurationName = Release;
		};
/* End XCConfigurationList section */
	};
	rootObject = C08F71F523EECAC9002CA069 /* Project object */;
}
